
Microsoft Visual Studio Solution File, Format Version 12.00
# Visual Studio Version 17
VisualStudioVersion = 17.9.34723.18
MinimumVisualStudioVersion = 10.0.40219.1
Project("{FAE04EC0-301F-11D3-BF4B-00C04F79EFBC}") = "PokemonCardCounter", "PokemonCardCounter\PokemonCardCounter.csproj", "{A1077CE4-EB88-4894-B770-3BA7F36CCF14}"
EndProject
Global
	GlobalSection(SolutionConfigurationPlatforms) = preSolution
		Debug|Any CPU = Debug|Any CPU
		Release|Any CPU = Release|Any CPU
	EndGlobalSection
	GlobalSection(ProjectConfigurationPlatforms) = postSolution
		{A1077CE4-EB88-4894-B770-3BA7F36CCF14}.Debug|Any CPU.ActiveCfg = Debug|Any CPU
		{A1077CE4-EB88-4894-B770-3BA7F36CCF14}.Debug|Any CPU.Build.0 = Debug|Any CPU
		{A1077CE4-EB88-4894-B770-3BA7F36CCF14}.Release|Any CPU.ActiveCfg = Release|Any CPU
		{A1077CE4-EB88-4894-B770-3BA7F36CCF14}.Release|Any CPU.Build.0 = Release|Any CPU
	EndGlobalSection
	GlobalSection(SolutionProperties) = preSolution
		HideSolutionNode = FALSE
	EndGlobalSection
	GlobalSection(ExtensibilityGlobals) = postSolution
		SolutionGuid = {DE304CBF-F047-4A28-AFC5-E2D93675CE32}
	EndGlobalSection
EndGlobal
